
Microsoft Visual Studio Solution File, Format Version 12.00
# Visual Studio Version 17
VisualStudioVersion = 17.0.31903.59
MinimumVisualStudioVersion = 10.0.40219.1
Project("{FAE04EC0-301F-11D3-BF4B-00C04F79EFBC}") = "Movie.Api", "Movie.Api\Movie.Api.csproj", "{3086A5FB-E526-40D3-A225-0F952C6561C5}"
EndProject
Project("{FAE04EC0-301F-11D3-BF4B-00C04F79EFBC}") = "Movie.Application", "Movie.Application\Movie.Application.csproj", "{82E39246-FCA7-49F7-A61C-DFD90BC5C328}"
EndProject
Project("{FAE04EC0-301F-11D3-BF4B-00C04F79EFBC}") = "Movie.Domain", "Movie.Domain\Movie.Domain.csproj", "{2357B262-7B3D-433E-9F68-843213B57C55}"
EndProject
Project("{FAE04EC0-301F-11D3-BF4B-00C04F79EFBC}") = "Movie.Infrastructure", "Movie.Infrastructure\Movie.Infrastructure.csproj", "{BB6F8793-DC1B-4A22-91B3-CF8ED1A69661}"
EndProject
Global
	GlobalSection(SolutionConfigurationPlatforms) = preSolution
		Debug|Any CPU = Debug|Any CPU
		Release|Any CPU = Release|Any CPU
	EndGlobalSection
	GlobalSection(SolutionProperties) = preSolution
		HideSolutionNode = FALSE
	EndGlobalSection
	GlobalSection(ProjectConfigurationPlatforms) = postSolution
		{3086A5FB-E526-40D3-A225-0F952C6561C5}.Debug|Any CPU.ActiveCfg = Debug|Any CPU
		{3086A5FB-E526-40D3-A225-0F952C6561C5}.Debug|Any CPU.Build.0 = Debug|Any CPU
		{3086A5FB-E526-40D3-A225-0F952C6561C5}.Release|Any CPU.ActiveCfg = Release|Any CPU
		{3086A5FB-E526-40D3-A225-0F952C6561C5}.Release|Any CPU.Build.0 = Release|Any CPU
		{82E39246-FCA7-49F7-A61C-DFD90BC5C328}.Debug|Any CPU.ActiveCfg = Debug|Any CPU
		{82E39246-FCA7-49F7-A61C-DFD90BC5C328}.Debug|Any CPU.Build.0 = Debug|Any CPU
		{82E39246-FCA7-49F7-A61C-DFD90BC5C328}.Release|Any CPU.ActiveCfg = Release|Any CPU
		{82E39246-FCA7-49F7-A61C-DFD90BC5C328}.Release|Any CPU.Build.0 = Release|Any CPU
		{2357B262-7B3D-433E-9F68-843213B57C55}.Debug|Any CPU.ActiveCfg = Debug|Any CPU
		{2357B262-7B3D-433E-9F68-843213B57C55}.Debug|Any CPU.Build.0 = Debug|Any CPU
		{2357B262-7B3D-433E-9F68-843213B57C55}.Release|Any CPU.ActiveCfg = Release|Any CPU
		{2357B262-7B3D-433E-9F68-843213B57C55}.Release|Any CPU.Build.0 = Release|Any CPU
		{BB6F8793-DC1B-4A22-91B3-CF8ED1A69661}.Debug|Any CPU.ActiveCfg = Debug|Any CPU
		{BB6F8793-DC1B-4A22-91B3-CF8ED1A69661}.Debug|Any CPU.Build.0 = Debug|Any CPU
		{BB6F8793-DC1B-4A22-91B3-CF8ED1A69661}.Release|Any CPU.ActiveCfg = Release|Any CPU
		{BB6F8793-DC1B-4A22-91B3-CF8ED1A69661}.Release|Any CPU.Build.0 = Release|Any CPU
	EndGlobalSection
EndGlobal
